
Microsoft Visual Studio Solution File, Format Version 12.00
# Visual Studio Version 17
VisualStudioVersion = 17.4.33213.308
MinimumVisualStudioVersion = 10.0.40219.1
Project("{FAE04EC0-301F-11D3-BF4B-00C04F79EFBC}") = "PaintballGunConsoleApp", "PaintballGunConsoleApp\PaintballGunConsoleApp.csproj", "{B1E2400D-C5DC-4B9F-8045-0ADC5F046191}"
EndProject
Global
	GlobalSection(SolutionConfigurationPlatforms) = preSolution
		Debug|Any CPU = Debug|Any CPU
		Release|Any CPU = Release|Any CPU
	EndGlobalSection
	GlobalSection(ProjectConfigurationPlatforms) = postSolution
		{B1E2400D-C5DC-4B9F-8045-0ADC5F046191}.Debug|Any CPU.ActiveCfg = Debug|Any CPU
		{B1E2400D-C5DC-4B9F-8045-0ADC5F046191}.Debug|Any CPU.Build.0 = Debug|Any CPU
		{B1E2400D-C5DC-4B9F-8045-0ADC5F046191}.Release|Any CPU.ActiveCfg = Release|Any CPU
		{B1E2400D-C5DC-4B9F-8045-0ADC5F046191}.Release|Any CPU.Build.0 = Release|Any CPU
	EndGlobalSection
	GlobalSection(SolutionProperties) = preSolution
		HideSolutionNode = FALSE
	EndGlobalSection
	GlobalSection(ExtensibilityGlobals) = postSolution
		SolutionGuid = {5C7B1464-32DB-49A5-92D1-1798571D14BC}
	EndGlobalSection
EndGlobal
